<?xml version="1.0" encoding="utf-8"?>
<Project ToolsVersion="4.0" xmlns="http://schemas.microsoft.com/developer/msbuild/2003">
  <ItemGroup>
    <Filter Include="Source Files">
      <UniqueIdentifier>{4FC737F1-C7A5-4376-A066-2A32D752A2FF}</UniqueIdentifier>
      <Extensions>cpp;c;cc;cxx;def;odl;idl;hpj;bat;asm;asmx</Extensions>
    </Filter>
    <Filter Include="Header Files">
      <UniqueIdentifier>{93995380-89BD-4b04-88EB-625FBE52EBFB}</UniqueIdentifier>
      <Extensions>h;hh;hpp;hxx;hm;inl;inc;xsd</Extensions>
    </Filter>
    <Filter Include="Resource Files">
      <UniqueIdentifier>{67DA6AB6-F800-4c08-8B7A-83BB121AAD01}</UniqueIdentifier>
      <Extensions>qrc;rc;ico;cur;bmp;dlg;rc2;rct;bin;rgs;gif;jpg;jpeg;jpe;resx;tiff;tif;png;wav;mfcribbon-ms</Extensions>
    </Filter>
    <Filter Include="Form Files">
      <UniqueIdentifier>{99349809-55BA-4b9d-BF79-8FDBB0286EB3}</UniqueIdentifier>
      <Extensions>ui</Extensions>
    </Filter>
    <Filter Include="Translation Files">
      <UniqueIdentifier>{639EADAA-A684-42e4-A9AD-28FC9BCB8F7C}</UniqueIdentifier>
      <Extensions>ts</Extensions>
    </Filter>
  </ItemGroup>
  <ItemGroup>
    <QtRcc Include="FF_Qt.qrc">
      <Filter>Resource Files</Filter>
    </QtRcc>
  </ItemGroup>
  <ItemGroup>
    <ClCompile Include="main.cpp">
      <Filter>Source Files</Filter>
    </ClCompile>
    <ClCompile Include="base_util\weak_callback.cpp">
      <Filter>Source Files</Filter>
    </ClCompile>
    <ClCompile Include="Thread\thread_pool.cpp">
      <Filter>Source Files</Filter>
    </ClCompile>
    <ClCompile Include="Thread\pending_task.cpp">
      <Filter>Source Files</Filter>
    </ClCompile>
    <ClCompile Include="Thread\thread_pool_entrance.cpp">
      <Filter>Source Files</Filter>
    </ClCompile>
    <ClCompile Include="Thread\thread_safe_priority_task_queue.cpp">
      <Filter>Source Files</Filter>
    </ClCompile>
    <ClCompile Include="Thread\time_util.cpp">
      <Filter>Source Files</Filter>
    </ClCompile>
    <ClCompile Include="AudioQt\audio_qt.cpp">
      <Filter>Source Files</Filter>
    </ClCompile>
    <ClCompile Include="AudioQt\audio_io_device.cpp">
      <Filter>Source Files</Filter>
    </ClCompile>
    <ClCompile Include="Audio\bytes_list.cpp">
      <Filter>Source Files</Filter>
    </ClCompile>
    <ClCompile Include="view_callback\view_callback.cpp">
      <Filter>Source Files</Filter>
    </ClCompile>
    <ClCompile Include="player_controller\player_controller.cpp">
      <Filter>Source Files</Filter>
    </ClCompile>
    <ClCompile Include="base_ui\uslider.cpp">
      <Filter>Source Files</Filter>
    </ClCompile>
    <ClCompile Include="FFmpeg\video_decoder.cpp">
      <Filter>Source Files</Filter>
    </ClCompile>
    <ClCompile Include="FFmpeg\audio_decoder.cpp">
      <Filter>Source Files</Filter>
    </ClCompile>
    <ClCompile Include="FFmpeg\base_decoder.cpp">
      <Filter>Source Files</Filter>
    </ClCompile>
    <ClCompile Include="Thread\high_ratio_time_thread.cpp">
      <Filter>Source Files</Filter>
    </ClCompile>
    <ClCompile Include="style\qss_manager.cpp">
      <Filter>Source Files</Filter>
    </ClCompile>
    <ClCompile Include="ffmpeg_qt.cpp">
      <Filter>Source Files</Filter>
    </ClCompile>
    <ClCompile Include="base_ui\base_popup_window.cpp">
      <Filter>Source Files</Filter>
    </ClCompile>
    <ClCompile Include="base_ui\base_popup_window_tool.cpp">
      <Filter>Source Files</Filter>
    </ClCompile>
    <ClCompile Include="base_ui\base_pop_shadow.cpp">
      <Filter>Source Files</Filter>
    </ClCompile>
    <ClCompile Include="base_ui\base_shadow_form.cpp">
      <Filter>Source Files</Filter>
    </ClCompile>
  </ItemGroup>
  <ItemGroup>
    <QtUic Include="ffmpeg_qt.ui">
      <Filter>Form Files</Filter>
    </QtUic>
  </ItemGroup>
  <ItemGroup>
    <QtMoc Include="AudioQt\audio_qt.h">
      <Filter>Header Files</Filter>
    </QtMoc>
    <QtMoc Include="player_controller\player_controller.h">
      <Filter>Header Files</Filter>
    </QtMoc>
    <QtMoc Include="base_util\closure.h">
      <Filter>Header Files</Filter>
    </QtMoc>
    <QtMoc Include="view_callback\view_callback.h">
      <Filter>Header Files</Filter>
    </QtMoc>
    <QtMoc Include="ffmpeg_qt.h">
      <Filter>Header Files</Filter>
    </QtMoc>
    <QtMoc Include="base_ui\uslider.h">
      <Filter>Header Files</Filter>
    </QtMoc>
    <QtMoc Include="Thread\high_ratio_time_thread.h">
      <Filter>Header Files</Filter>
    </QtMoc>
  </ItemGroup>
  <ItemGroup>
    <ClInclude Include="base_util\singleton.h">
      <Filter>Header Files</Filter>
    </ClInclude>
    <ClInclude Include="base_util\weak_callback.h">
      <Filter>Header Files</Filter>
    </ClInclude>
    <ClInclude Include="Thread\thread_pool.h">
      <Filter>Header Files</Filter>
    </ClInclude>
    <ClInclude Include="Thread\threadsafe_queue.h">
      <Filter>Header Files</Filter>
    </ClInclude>
    <ClInclude Include="Thread\pending_task.h">
      <Filter>Header Files</Filter>
    </ClInclude>
    <ClInclude Include="Thread\thread_name_define.h">
      <Filter>Header Files</Filter>
    </ClInclude>
    <ClInclude Include="Thread\thread_pool_entrance.h">
      <Filter>Header Files</Filter>
    </ClInclude>
    <ClInclude Include="Thread\thread_safe_priority_task_queue.h">
      <Filter>Header Files</Filter>
    </ClInclude>
    <ClInclude Include="Thread\time_util.h">
      <Filter>Header Files</Filter>
    </ClInclude>
    <ClInclude Include="AudioQt\audio_io_device.h">
      <Filter>Header Files</Filter>
    </ClInclude>
    <ClInclude Include="Audio\bytes_list.h">
      <Filter>Header Files</Filter>
    </ClInclude>
    <ClInclude Include="image_info\image_info.h">
      <Filter>Header Files</Filter>
    </ClInclude>
    <ClInclude Include="time_strategy\time_base_define.h">
      <Filter>Header Files</Filter>
    </ClInclude>
    <ClInclude Include="base_util\guard_ptr.h">
      <Filter>Header Files</Filter>
    </ClInclude>
    <ClInclude Include="FFmpeg\video_decoder.h">
      <Filter>Header Files</Filter>
    </ClInclude>
    <ClInclude Include="FFmpeg\audio_decoder.h">
      <Filter>Header Files</Filter>
    </ClInclude>
    <ClInclude Include="FFmpeg\image_func_packet.h">
      <Filter>Header Files</Filter>
    </ClInclude>
    <ClInclude Include="FFmpeg\base_decoder.h">
      <Filter>Header Files</Filter>
    </ClInclude>
    <ClInclude Include="FFmpeg\AVFrameWrapper.h">
      <Filter>Header Files</Filter>
    </ClInclude>
    <ClInclude Include="FFmpeg\decoder_callback.h">
      <Filter>Header Files</Filter>
    </ClInclude>
    <ClInclude Include="style\qss_manager.h">
      <Filter>Header Files</Filter>
    </ClInclude>
    <ClInclude Include="base_ui\base_popup_window.h">
      <Filter>Header Files</Filter>
    </ClInclude>
    <ClInclude Include="base_ui\base_popup_window_tool.h">
      <Filter>Header Files</Filter>
    </ClInclude>
    <ClInclude Include="base_ui\base_pop_shadow.h">
      <Filter>Header Files</Filter>
    </ClInclude>
    <ClInclude Include="base_ui\base_shadow_form.h">
      <Filter>Header Files</Filter>
    </ClInclude>
  </ItemGroup>
</Project>